# This file was autogenerated by uv via the following command:
#    uv pip compile pyproject.toml --extra dev -c requirements.lock --universal -o requirements-dev.lock --python-version 3.12
annotated-doc==0.0.4
    # via
    #   -c requirements.lock
    #   fastapi
annotated-types==0.7.0
    # via
    #   -c requirements.lock
    #   pydantic
anyio==4.14.2
    # via
    #   -c requirements.lock
    #   google-genai
    #   httpx
    #   starlette
    #   watchfiles
attrs==26.1.0
    # via
    #   -c requirements.lock
    #   jsonschema
    #   referencing
bandit==1.9.4
    # via mindpal (pyproject.toml)
boolean-py==5.0
    # via license-expression
cachecontrol==0.14.4
    # via
    #   -c requirements.lock
    #   firebase-admin
    #   pip-audit
certifi==2026.6.17
    # via
    #   -c requirements.lock
    #   httpcore
    #   httpx
    #   requests
cffi==2.1.0 ; platform_python_implementation != 'PyPy'
    # via
    #   -c requirements.lock
    #   cryptography
charset-normalizer==3.4.9
    # via
    #   -c requirements.lock
    #   requests
click==8.4.2
    # via
    #   -c requirements.lock
    #   uvicorn
colorama==0.4.6 ; sys_platform == 'win32'
    # via
    #   bandit
    #   click
    #   pytest
    #   uvicorn
cryptography==50.0.0
    # via
    #   -c requirements.lock
    #   google-auth
    #   pyjwt
cyclonedx-python-lib==11.11.0
    # via pip-audit
defusedxml==0.7.1
    # via py-serializable
distro==1.9.0
    # via
    #   -c requirements.lock
    #   google-genai
dnspython==2.8.0
    # via
    #   -c requirements.lock
    #   email-validator
email-validator==2.3.0
    # via
    #   -c requirements.lock
    #   mindpal (pyproject.toml)
fastapi==0.136.3
    # via
    #   -c requirements.lock
    #   mindpal (pyproject.toml)
filelock==3.29.7
    # via cachecontrol
firebase-admin==7.5.0
    # via
    #   -c requirements.lock
    #   mindpal (pyproject.toml)
google-api-core==2.31.0
    # via
    #   -c requirements.lock
    #   firebase-admin
    #   google-cloud-core
    #   google-cloud-firestore
    #   google-cloud-storage
google-auth==2.55.2
    # via
    #   -c requirements.lock
    #   google-api-core
    #   google-cloud-core
    #   google-cloud-firestore
    #   google-cloud-storage
    #   google-genai
google-cloud-core==2.6.0
    # via
    #   -c requirements.lock
    #   google-cloud-firestore
    #   google-cloud-storage
google-cloud-firestore==2.28.0 ; platform_python_implementation != 'PyPy'
    # via
    #   -c requirements.lock
    #   firebase-admin
google-cloud-storage==3.12.1
    # via
    #   -c requirements.lock
    #   firebase-admin
google-crc32c==1.8.0
    # via
    #   -c requirements.lock
    #   google-cloud-storage
    #   google-resumable-media
google-genai==1.75.0
    # via
    #   -c requirements.lock
    #   mindpal (pyproject.toml)
google-resumable-media==2.10.0
    # via
    #   -c requirements.lock
    #   google-cloud-storage
googleapis-common-protos==1.75.0
    # via
    #   -c requirements.lock
    #   google-api-core
    #   grpcio-status
grpcio==1.82.1 ; platform_python_implementation != 'PyPy'
    # via
    #   -c requirements.lock
    #   google-api-core
    #   google-cloud-firestore
    #   grpcio-status
grpcio-status==1.82.1 ; platform_python_implementation != 'PyPy'
    # via
    #   -c requirements.lock
    #   google-api-core
h11==0.16.0
    # via
    #   -c requirements.lock
    #   httpcore
    #   uvicorn
h2==4.4.1
    # via
    #   -c requirements.lock
    #   httpx
hpack==4.2.0
    # via
    #   -c requirements.lock
    #   h2
httpcore==1.0.9
    # via
    #   -c requirements.lock
    #   httpx
httptools==0.8.0
    # via
    #   -c requirements.lock
    #   uvicorn
httpx==0.28.1
    # via
    #   -c requirements.lock
    #   mindpal (pyproject.toml)
    #   firebase-admin
    #   google-genai
hyperframe==6.1.0
    # via
    #   -c requirements.lock
    #   h2
idna==3.18
    # via
    #   -c requirements.lock
    #   anyio
    #   email-validator
    #   httpx
    #   requests
iniconfig==2.3.0
    # via pytest
jsonschema==4.26.0
    # via
    #   -c requirements.lock
    #   mindpal (pyproject.toml)
jsonschema-specifications==2025.9.1
    # via
    #   -c requirements.lock
    #   jsonschema
license-expression==30.4.4
    # via cyclonedx-python-lib
markdown-it-py==4.2.0
    # via rich
mdurl==0.1.2
    # via markdown-it-py
msgpack==1.2.1
    # via
    #   -c requirements.lock
    #   cachecontrol
packageurl-python==0.17.6
    # via cyclonedx-python-lib
packaging==26.2
    # via
    #   pip-audit
    #   pip-requirements-parser
    #   pytest
pip==26.2
    # via pip-api
pip-api==0.0.34
    # via pip-audit
pip-audit==2.10.1
    # via mindpal (pyproject.toml)
pip-requirements-parser==32.0.1
    # via pip-audit
platformdirs==4.10.0
    # via pip-audit
pluggy==1.6.0
    # via pytest
proto-plus==1.28.1
    # via
    #   -c requirements.lock
    #   google-api-core
    #   google-cloud-firestore
protobuf==7.35.1
    # via
    #   -c requirements.lock
    #   google-api-core
    #   google-cloud-firestore
    #   googleapis-common-protos
    #   grpcio-status
    #   proto-plus
py-serializable==2.1.0
    # via cyclonedx-python-lib
pyasn1==0.6.4
    # via
    #   -c requirements.lock
    #   pyasn1-modules
pyasn1-modules==0.4.2
    # via
    #   -c requirements.lock
    #   google-auth
pycparser==3.0 ; implementation_name != 'PyPy' and platform_python_implementation != 'PyPy'
    # via
    #   -c requirements.lock
    #   cffi
pydantic==2.13.4
    # via
    #   -c requirements.lock
    #   mindpal (pyproject.toml)
    #   fastapi
    #   google-genai
    #   pydantic-settings
pydantic-core==2.46.4
    # via
    #   -c requirements.lock
    #   pydantic
pydantic-settings==2.14.2
    # via
    #   -c requirements.lock
    #   mindpal (pyproject.toml)
pygments==2.20.0
    # via
    #   pytest
    #   rich
pyjwt==2.13.0
    # via
    #   -c requirements.lock
    #   firebase-admin
pyparsing==3.3.2
    # via pip-requirements-parser
pytest==9.1.1
    # via
    #   mindpal (pyproject.toml)
    #   pytest-asyncio
pytest-asyncio==1.4.0
    # via mindpal (pyproject.toml)
python-dotenv==1.2.2
    # via
    #   -c requirements.lock
    #   mindpal (pyproject.toml)
    #   pydantic-settings
    #   uvicorn
pyyaml==6.0.3
    # via
    #   -c requirements.lock
    #   mindpal (pyproject.toml)
    #   bandit
    #   uvicorn
referencing==0.37.0
    # via
    #   -c requirements.lock
    #   jsonschema
    #   jsonschema-specifications
requests==2.34.2
    # via
    #   -c requirements.lock
    #   cachecontrol
    #   google-api-core
    #   google-auth
    #   google-cloud-storage
    #   google-genai
    #   pip-audit
rich==15.0.0
    # via
    #   bandit
    #   pip-audit
rpds-py==2026.6.3
    # via
    #   -c requirements.lock
    #   jsonschema
    #   referencing
ruff==0.15.21
    # via mindpal (pyproject.toml)
sniffio==1.3.1
    # via
    #   -c requirements.lock
    #   google-genai
sortedcontainers==2.4.0
    # via cyclonedx-python-lib
starlette==1.3.1
    # via
    #   -c requirements.lock
    #   fastapi
stevedore==5.9.0
    # via bandit
tenacity==9.1.4
    # via
    #   -c requirements.lock
    #   google-genai
tomli==2.4.1
    # via pip-audit
tomli-w==1.2.0
    # via pip-audit
typing-extensions==4.16.0
    # via
    #   -c requirements.lock
    #   anyio
    #   cyclonedx-python-lib
    #   fastapi
    #   google-genai
    #   grpcio
    #   pydantic
    #   pydantic-core
    #   pytest-asyncio
    #   referencing
    #   starlette
    #   typing-inspection
typing-inspection==0.4.2
    # via
    #   -c requirements.lock
    #   fastapi
    #   pydantic
    #   pydantic-settings
tzdata==2026.3
    # via
    #   -c requirements.lock
    #   mindpal (pyproject.toml)
urllib3==2.7.0
    # via
    #   -c requirements.lock
    #   requests
uvicorn==0.35.0
    # via
    #   -c requirements.lock
    #   mindpal (pyproject.toml)
uvloop==0.22.1 ; platform_python_implementation != 'PyPy' and sys_platform != 'cygwin' and sys_platform != 'win32'
    # via
    #   -c requirements.lock
    #   uvicorn
watchfiles==1.2.0
    # via
    #   -c requirements.lock
    #   uvicorn
websockets==16.1
    # via
    #   -c requirements.lock
    #   google-genai
    #   uvicorn
