# This file was autogenerated by uv via the following command:
#    uv pip compile pyproject.toml --extra dev -o requirements-dev.lock
annotated-doc==0.0.4
    # via fastapi
annotated-types==0.7.0
    # via pydantic
anyio==4.14.1
    # via
    #   google-genai
    #   httpx
    #   starlette
    #   watchfiles
bandit==1.9.4
    # via mindpal (pyproject.toml)
boolean-py==5.0
    # via license-expression
cachecontrol==0.14.4
    # via
    #   firebase-admin
    #   pip-audit
certifi==2026.6.17
    # via
    #   httpcore
    #   httpx
    #   requests
cffi==2.1.0
    # via cryptography
charset-normalizer==3.4.9
    # via requests
click==8.4.2
    # via uvicorn
cryptography==49.0.0
    # via
    #   google-auth
    #   pyjwt
cyclonedx-python-lib==11.11.0
    # via pip-audit
defusedxml==0.7.1
    # via py-serializable
distro==1.9.0
    # via google-genai
dnspython==2.8.0
    # via email-validator
email-validator==2.3.0
    # via mindpal (pyproject.toml)
fastapi==0.136.3
    # via mindpal (pyproject.toml)
filelock==3.29.7
    # via cachecontrol
firebase-admin==7.5.0
    # via mindpal (pyproject.toml)
google-api-core==2.31.0
    # via
    #   firebase-admin
    #   google-cloud-core
    #   google-cloud-firestore
    #   google-cloud-storage
google-auth==2.55.2
    # via
    #   google-api-core
    #   google-cloud-core
    #   google-cloud-firestore
    #   google-cloud-storage
    #   google-genai
google-cloud-core==2.6.0
    # via
    #   google-cloud-firestore
    #   google-cloud-storage
google-cloud-firestore==2.28.0
    # via firebase-admin
google-cloud-storage==3.12.1
    # via firebase-admin
google-crc32c==1.8.0
    # via
    #   google-cloud-storage
    #   google-resumable-media
google-genai==1.75.0
    # via mindpal (pyproject.toml)
google-resumable-media==2.10.0
    # via google-cloud-storage
googleapis-common-protos==1.75.0
    # via
    #   google-api-core
    #   grpcio-status
grpcio==1.82.1
    # via
    #   google-api-core
    #   google-cloud-firestore
    #   grpcio-status
grpcio-status==1.82.1
    # via google-api-core
h11==0.16.0
    # via
    #   httpcore
    #   uvicorn
h2==4.3.0
    # via httpx
hpack==4.2.0
    # via h2
httpcore==1.0.9
    # via httpx
httptools==0.8.0
    # via uvicorn
httpx==0.28.1
    # via
    #   mindpal (pyproject.toml)
    #   firebase-admin
    #   google-genai
hyperframe==6.1.0
    # via h2
idna==3.18
    # via
    #   anyio
    #   email-validator
    #   httpx
    #   requests
iniconfig==2.3.0
    # via pytest
license-expression==30.4.4
    # via cyclonedx-python-lib
markdown-it-py==4.2.0
    # via rich
mdurl==0.1.2
    # via markdown-it-py
msgpack==1.2.1
    # via cachecontrol
packageurl-python==0.17.6
    # via cyclonedx-python-lib
packaging==26.2
    # via
    #   pip-audit
    #   pip-requirements-parser
    #   pytest
pip==26.1.2
    # via pip-api
pip-api==0.0.34
    # via pip-audit
pip-audit==2.10.1
    # via mindpal (pyproject.toml)
pip-requirements-parser==32.0.1
    # via pip-audit
platformdirs==4.10.0
    # via pip-audit
pluggy==1.6.0
    # via pytest
proto-plus==1.28.1
    # via
    #   google-api-core
    #   google-cloud-firestore
protobuf==7.35.1
    # via
    #   google-api-core
    #   google-cloud-firestore
    #   googleapis-common-protos
    #   grpcio-status
    #   proto-plus
py-serializable==2.1.0
    # via cyclonedx-python-lib
pyasn1==0.6.4
    # via pyasn1-modules
pyasn1-modules==0.4.2
    # via google-auth
pycparser==3.0
    # via cffi
pydantic==2.13.4
    # via
    #   mindpal (pyproject.toml)
    #   fastapi
    #   google-genai
    #   pydantic-settings
pydantic-core==2.46.4
    # via pydantic
pydantic-settings==2.14.2
    # via mindpal (pyproject.toml)
pygments==2.20.0
    # via
    #   pytest
    #   rich
pyjwt==2.13.0
    # via firebase-admin
pyparsing==3.3.2
    # via pip-requirements-parser
pytest==9.1.1
    # via
    #   mindpal (pyproject.toml)
    #   pytest-asyncio
pytest-asyncio==1.4.0
    # via mindpal (pyproject.toml)
python-dotenv==1.2.2
    # via
    #   mindpal (pyproject.toml)
    #   pydantic-settings
    #   uvicorn
pyyaml==6.0.3
    # via
    #   mindpal (pyproject.toml)
    #   bandit
    #   uvicorn
requests==2.34.2
    # via
    #   cachecontrol
    #   google-api-core
    #   google-auth
    #   google-cloud-storage
    #   google-genai
    #   pip-audit
rich==15.0.0
    # via
    #   bandit
    #   pip-audit
ruff==0.15.21
    # via mindpal (pyproject.toml)
sniffio==1.3.1
    # via google-genai
sortedcontainers==2.4.0
    # via cyclonedx-python-lib
starlette==1.3.1
    # via fastapi
stevedore==5.9.0
    # via bandit
tenacity==9.1.4
    # via google-genai
tomli==2.4.1
    # via pip-audit
tomli-w==1.2.0
    # via pip-audit
typing-extensions==4.16.0
    # via
    #   fastapi
    #   google-genai
    #   grpcio
    #   pydantic
    #   pydantic-core
    #   typing-inspection
typing-inspection==0.4.2
    # via
    #   fastapi
    #   pydantic
    #   pydantic-settings
urllib3==2.7.0
    # via requests
uvicorn==0.35.0
    # via mindpal (pyproject.toml)
uvloop==0.22.1
    # via uvicorn
watchfiles==1.2.0
    # via uvicorn
websockets==16.1
    # via
    #   google-genai
    #   uvicorn
